Microsoft Visual Studio Solution File, Format Version 8.00
Project("{8BC9CEB8-8B4A-11D0-8D11-00A0C91BC942}") = "SystemUtilities", "SystemUtilities.vcproj", "{48B6DAC5-7654-4236-938C-CABA367FB23C}"
	ProjectSection(ProjectDependencies) = postProject
	EndProjectSection
EndProject
Global
	GlobalSection(SolutionConfiguration) = preSolution
		Debug = Debug
		Release = Release
	EndGlobalSection
	GlobalSection(ProjectConfiguration) = postSolution
		{48B6DAC5-7654-4236-938C-CABA367FB23C}.Debug.ActiveCfg = Debug|Win32
		{48B6DAC5-7654-4236-938C-CABA367FB23C}.Debug.Build.0 = Debug|Win32
		{48B6DAC5-7654-4236-938C-CABA367FB23C}.Release.ActiveCfg = Release|Win32
		{48B6DAC5-7654-4236-938C-CABA367FB23C}.Release.Build.0 = Release|Win32
	EndGlobalSection
	GlobalSection(ExtensibilityGlobals) = postSolution
	EndGlobalSection
	GlobalSection(ExtensibilityAddIns) = postSolution
	EndGlobalSection
EndGlobal
